{
  "requires": true,
  "lockfileVersion": 1,
  "dependencies": {
    "@heroicons/react": {
      "version": "1.0.5",
      "resolved": "https://registry.npmjs.org/@heroicons/react/-/react-1.0.5.tgz",
      "integrity": "sha512-UDMyLM2KavIu2vlWfMspapw9yii7aoLwzI2Hudx4fyoPwfKfxU8r3cL8dEBXOjcLG0/oOONZzbT14M1HoNtEcg=="
    }
  }
}
